
Microsoft Visual Studio Solution File, Format Version 12.00
# Visual Studio Version 17
VisualStudioVersion = 17.4.33213.308
MinimumVisualStudioVersion = 10.0.40219.1
Project("{FAE04EC0-301F-11D3-BF4B-00C04F79EFBC}") = "aplikacja dodawanie sumy", "aplikacja dodawanie sumy.csproj", "{0617A23D-796B-4824-9B43-7055B91EF9E2}"
EndProject
Global
	GlobalSection(SolutionConfigurationPlatforms) = preSolution
		Debug|Any CPU = Debug|Any CPU
		Release|Any CPU = Release|Any CPU
	EndGlobalSection
	GlobalSection(ProjectConfigurationPlatforms) = postSolution
		{0617A23D-796B-4824-9B43-7055B91EF9E2}.Debug|Any CPU.ActiveCfg = Debug|Any CPU
		{0617A23D-796B-4824-9B43-7055B91EF9E2}.Debug|Any CPU.Build.0 = Debug|Any CPU
		{0617A23D-796B-4824-9B43-7055B91EF9E2}.Release|Any CPU.ActiveCfg = Release|Any CPU
		{0617A23D-796B-4824-9B43-7055B91EF9E2}.Release|Any CPU.Build.0 = Release|Any CPU
	EndGlobalSection
	GlobalSection(SolutionProperties) = preSolution
		HideSolutionNode = FALSE
	EndGlobalSection
	GlobalSection(ExtensibilityGlobals) = postSolution
		SolutionGuid = {771B22B2-2E06-4AB8-9F25-93282A7238F1}
	EndGlobalSection
EndGlobal
